
Microsoft Visual Studio Solution File, Format Version 12.00
# Visual Studio Version 17
VisualStudioVersion = 17.4.33213.308
MinimumVisualStudioVersion = 10.0.40219.1
Project("{FAE04EC0-301F-11D3-BF4B-00C04F79EFBC}") = "InlandMarinaMVC", "InlandMarinaMVC\InlandMarinaMVC.csproj", "{990109FF-E084-4443-902D-956425ACCAEB}"
EndProject
Project("{FAE04EC0-301F-11D3-BF4B-00C04F79EFBC}") = "InlandMarinaData", "InlandMarinaData\InlandMarinaData.csproj", "{EF9E4D92-E750-4A1D-A0A7-664DAF4B440D}"
EndProject
Global
	GlobalSection(SolutionConfigurationPlatforms) = preSolution
		Debug|Any CPU = Debug|Any CPU
		Release|Any CPU = Release|Any CPU
	EndGlobalSection
	GlobalSection(ProjectConfigurationPlatforms) = postSolution
		{990109FF-E084-4443-902D-956425ACCAEB}.Debug|Any CPU.ActiveCfg = Debug|Any CPU
		{990109FF-E084-4443-902D-956425ACCAEB}.Debug|Any CPU.Build.0 = Debug|Any CPU
		{990109FF-E084-4443-902D-956425ACCAEB}.Release|Any CPU.ActiveCfg = Release|Any CPU
		{990109FF-E084-4443-902D-956425ACCAEB}.Release|Any CPU.Build.0 = Release|Any CPU
		{EF9E4D92-E750-4A1D-A0A7-664DAF4B440D}.Debug|Any CPU.ActiveCfg = Debug|Any CPU
		{EF9E4D92-E750-4A1D-A0A7-664DAF4B440D}.Debug|Any CPU.Build.0 = Debug|Any CPU
		{EF9E4D92-E750-4A1D-A0A7-664DAF4B440D}.Release|Any CPU.ActiveCfg = Release|Any CPU
		{EF9E4D92-E750-4A1D-A0A7-664DAF4B440D}.Release|Any CPU.Build.0 = Release|Any CPU
	EndGlobalSection
	GlobalSection(SolutionProperties) = preSolution
		HideSolutionNode = FALSE
	EndGlobalSection
	GlobalSection(ExtensibilityGlobals) = postSolution
		SolutionGuid = {49CF750F-4A9D-4FEF-9ABC-E06A17284025}
	EndGlobalSection
EndGlobal
